
Microsoft Visual Studio Solution File, Format Version 12.00
# Visual Studio 14
VisualStudioVersion = 14.0.24720.0
MinimumVisualStudioVersion = 10.0.40219.1
Project("{FAE04EC0-301F-11D3-BF4B-00C04F79EFBC}") = "FlightORM.Core", "FlightORM.Core\FlightORM.Core.csproj", "{516E511F-FEDF-44D5-94AC-3F298AACC843}"
EndProject
Project("{FAE04EC0-301F-11D3-BF4B-00C04F79EFBC}") = "FlightORM.UI", "FlightORM.UI\FlightORM.UI.csproj", "{06CD13D2-9789-414F-B0C2-76F784959FC2}"
EndProject
Project("{FAE04EC0-301F-11D3-BF4B-00C04F79EFBC}") = "FlightORM.SQL", "FlightORM.SQL\FlightORM.SQL.csproj", "{536270BC-0C2F-41F5-A7EA-9E66828A87F7}"
EndProject
Project("{2150E333-8FDC-42A3-9474-1A3956D46DE8}") = "Test Projects", "Test Projects", "{2D7D623F-FF6D-4974-874B-1F611CFD27B7}"
EndProject
Project("{FAE04EC0-301F-11D3-BF4B-00C04F79EFBC}") = "FlightORM.SQL.Tests", "FlightORM.SQL.Tests\FlightORM.SQL.Tests.csproj", "{63FB1D8D-01FE-43B7-AF28-EA27E13EDE33}"
EndProject
Project("{00D1A9C2-B5F0-4AF3-8072-F6C62B433612}") = "FlightORM.TestDB", "FlightORM.TestDB\FlightORM.TestDB.sqlproj", "{1907EAB3-0BF8-4155-BDA9-899EFA1BF116}"
EndProject
Project("{FAE04EC0-301F-11D3-BF4B-00C04F79EFBC}") = "FlightORM.VS", "FlightORM.VS\FlightORM.VS.csproj", "{5858C251-67F5-46CC-BCC5-73766C7AEE40}"
EndProject
Project("{2150E333-8FDC-42A3-9474-1A3956D46DE8}") = "UserInterface", "UserInterface", "{40A3AABD-04DE-443E-97B2-F6B6A26C4A25}"
EndProject
Project("{FAE04EC0-301F-11D3-BF4B-00C04F79EFBC}") = "FlightORM.UI.SQL", "FlightORM.UI.SQL\FlightORM.UI.SQL.csproj", "{D49A4040-5CEA-4FAC-BBB5-4AEF6D853B5C}"
EndProject
Project("{FAE04EC0-301F-11D3-BF4B-00C04F79EFBC}") = "FlightORM.UI.Core", "FlightORM.UI.Core\FlightORM.UI.Core.csproj", "{C117DD8D-0235-405C-98FF-1EF2F6D77FA3}"
EndProject
Global
	GlobalSection(SolutionConfigurationPlatforms) = preSolution
		Debug|Any CPU = Debug|Any CPU
		Release|Any CPU = Release|Any CPU
	EndGlobalSection
	GlobalSection(ProjectConfigurationPlatforms) = postSolution
		{516E511F-FEDF-44D5-94AC-3F298AACC843}.Debug|Any CPU.ActiveCfg = Debug|Any CPU
		{516E511F-FEDF-44D5-94AC-3F298AACC843}.Debug|Any CPU.Build.0 = Debug|Any CPU
		{516E511F-FEDF-44D5-94AC-3F298AACC843}.Release|Any CPU.ActiveCfg = Release|Any CPU
		{516E511F-FEDF-44D5-94AC-3F298AACC843}.Release|Any CPU.Build.0 = Release|Any CPU
		{06CD13D2-9789-414F-B0C2-76F784959FC2}.Debug|Any CPU.ActiveCfg = Debug|Any CPU
		{06CD13D2-9789-414F-B0C2-76F784959FC2}.Debug|Any CPU.Build.0 = Debug|Any CPU
		{06CD13D2-9789-414F-B0C2-76F784959FC2}.Release|Any CPU.ActiveCfg = Release|Any CPU
		{06CD13D2-9789-414F-B0C2-76F784959FC2}.Release|Any CPU.Build.0 = Release|Any CPU
		{536270BC-0C2F-41F5-A7EA-9E66828A87F7}.Debug|Any CPU.ActiveCfg = Debug|Any CPU
		{536270BC-0C2F-41F5-A7EA-9E66828A87F7}.Debug|Any CPU.Build.0 = Debug|Any CPU
		{536270BC-0C2F-41F5-A7EA-9E66828A87F7}.Release|Any CPU.ActiveCfg = Release|Any CPU
		{536270BC-0C2F-41F5-A7EA-9E66828A87F7}.Release|Any CPU.Build.0 = Release|Any CPU
		{63FB1D8D-01FE-43B7-AF28-EA27E13EDE33}.Debug|Any CPU.ActiveCfg = Debug|Any CPU
		{63FB1D8D-01FE-43B7-AF28-EA27E13EDE33}.Debug|Any CPU.Build.0 = Debug|Any CPU
		{63FB1D8D-01FE-43B7-AF28-EA27E13EDE33}.Release|Any CPU.ActiveCfg = Release|Any CPU
		{63FB1D8D-01FE-43B7-AF28-EA27E13EDE33}.Release|Any CPU.Build.0 = Release|Any CPU
		{1907EAB3-0BF8-4155-BDA9-899EFA1BF116}.Debug|Any CPU.ActiveCfg = Debug|Any CPU
		{1907EAB3-0BF8-4155-BDA9-899EFA1BF116}.Debug|Any CPU.Build.0 = Debug|Any CPU
		{1907EAB3-0BF8-4155-BDA9-899EFA1BF116}.Debug|Any CPU.Deploy.0 = Debug|Any CPU
		{1907EAB3-0BF8-4155-BDA9-899EFA1BF116}.Release|Any CPU.ActiveCfg = Release|Any CPU
		{1907EAB3-0BF8-4155-BDA9-899EFA1BF116}.Release|Any CPU.Build.0 = Release|Any CPU
		{1907EAB3-0BF8-4155-BDA9-899EFA1BF116}.Release|Any CPU.Deploy.0 = Release|Any CPU
		{5858C251-67F5-46CC-BCC5-73766C7AEE40}.Debug|Any CPU.ActiveCfg = Debug|Any CPU
		{5858C251-67F5-46CC-BCC5-73766C7AEE40}.Debug|Any CPU.Build.0 = Debug|Any CPU
		{5858C251-67F5-46CC-BCC5-73766C7AEE40}.Release|Any CPU.ActiveCfg = Release|Any CPU
		{5858C251-67F5-46CC-BCC5-73766C7AEE40}.Release|Any CPU.Build.0 = Release|Any CPU
		{D49A4040-5CEA-4FAC-BBB5-4AEF6D853B5C}.Debug|Any CPU.ActiveCfg = Debug|Any CPU
		{D49A4040-5CEA-4FAC-BBB5-4AEF6D853B5C}.Debug|Any CPU.Build.0 = Debug|Any CPU
		{D49A4040-5CEA-4FAC-BBB5-4AEF6D853B5C}.Release|Any CPU.ActiveCfg = Release|Any CPU
		{D49A4040-5CEA-4FAC-BBB5-4AEF6D853B5C}.Release|Any CPU.Build.0 = Release|Any CPU
		{C117DD8D-0235-405C-98FF-1EF2F6D77FA3}.Debug|Any CPU.ActiveCfg = Debug|Any CPU
		{C117DD8D-0235-405C-98FF-1EF2F6D77FA3}.Debug|Any CPU.Build.0 = Debug|Any CPU
		{C117DD8D-0235-405C-98FF-1EF2F6D77FA3}.Release|Any CPU.ActiveCfg = Release|Any CPU
		{C117DD8D-0235-405C-98FF-1EF2F6D77FA3}.Release|Any CPU.Build.0 = Release|Any CPU
	EndGlobalSection
	GlobalSection(SolutionProperties) = preSolution
		HideSolutionNode = FALSE
	EndGlobalSection
	GlobalSection(NestedProjects) = preSolution
		{06CD13D2-9789-414F-B0C2-76F784959FC2} = {40A3AABD-04DE-443E-97B2-F6B6A26C4A25}
		{63FB1D8D-01FE-43B7-AF28-EA27E13EDE33} = {2D7D623F-FF6D-4974-874B-1F611CFD27B7}
		{1907EAB3-0BF8-4155-BDA9-899EFA1BF116} = {2D7D623F-FF6D-4974-874B-1F611CFD27B7}
		{D49A4040-5CEA-4FAC-BBB5-4AEF6D853B5C} = {40A3AABD-04DE-443E-97B2-F6B6A26C4A25}
		{C117DD8D-0235-405C-98FF-1EF2F6D77FA3} = {40A3AABD-04DE-443E-97B2-F6B6A26C4A25}
	EndGlobalSection
EndGlobal
